
Microsoft Visual Studio Solution File, Format Version 12.00
Project("{FAE04EC0-301F-11D3-BF4B-00C04F79EFBC}") = "SolidCodeBase.Core", "SolidCodeBase.Core\SolidCodeBase.Core.csproj", "{7C5004FE-C0B4-44AD-B99F-92F8E68901F2}"
EndProject
Project("{FAE04EC0-301F-11D3-BF4B-00C04F79EFBC}") = "SolidCodeBase.Tests", "SolidCodeBase.Tests\SolidCodeBase.Tests.csproj", "{ADB28670-7C83-44F6-8ED9-55EC35386B3B}"
EndProject
Project("{FAE04EC0-301F-11D3-BF4B-00C04F79EFBC}") = "SolidCodeBase.Api", "SolidCodeBase.Api\SolidCodeBase.Api.csproj", "{50EC1F60-7566-4EBD-8A18-0BABDB3D1A03}"
EndProject
Project("{FAE04EC0-301F-11D3-BF4B-00C04F79EFBC}") = "SolidCodeBase.Data", "SolidCodeBase.Data\SolidCodeBase.Data.csproj", "{48629086-0998-41B6-99E9-76C0A03C26F6}"
EndProject
Project("{FAE04EC0-301F-11D3-BF4B-00C04F79EFBC}") = "SolidCodeBase.Information", "SolidCodeBase.Information\SolidCodeBase.Information.csproj", "{234EA374-A9F5-4D2A-BEE5-43B401CF8478}"
EndProject
Global
	GlobalSection(SolutionConfigurationPlatforms) = preSolution
		Debug|Any CPU = Debug|Any CPU
		Release|Any CPU = Release|Any CPU
	EndGlobalSection
	GlobalSection(ProjectConfigurationPlatforms) = postSolution
		{7C5004FE-C0B4-44AD-B99F-92F8E68901F2}.Debug|Any CPU.ActiveCfg = Debug|Any CPU
		{7C5004FE-C0B4-44AD-B99F-92F8E68901F2}.Debug|Any CPU.Build.0 = Debug|Any CPU
		{7C5004FE-C0B4-44AD-B99F-92F8E68901F2}.Release|Any CPU.ActiveCfg = Release|Any CPU
		{7C5004FE-C0B4-44AD-B99F-92F8E68901F2}.Release|Any CPU.Build.0 = Release|Any CPU
		{ADB28670-7C83-44F6-8ED9-55EC35386B3B}.Debug|Any CPU.ActiveCfg = Debug|Any CPU
		{ADB28670-7C83-44F6-8ED9-55EC35386B3B}.Debug|Any CPU.Build.0 = Debug|Any CPU
		{ADB28670-7C83-44F6-8ED9-55EC35386B3B}.Release|Any CPU.ActiveCfg = Release|Any CPU
		{ADB28670-7C83-44F6-8ED9-55EC35386B3B}.Release|Any CPU.Build.0 = Release|Any CPU
		{50EC1F60-7566-4EBD-8A18-0BABDB3D1A03}.Debug|Any CPU.ActiveCfg = Debug|Any CPU
		{50EC1F60-7566-4EBD-8A18-0BABDB3D1A03}.Debug|Any CPU.Build.0 = Debug|Any CPU
		{50EC1F60-7566-4EBD-8A18-0BABDB3D1A03}.Release|Any CPU.ActiveCfg = Release|Any CPU
		{50EC1F60-7566-4EBD-8A18-0BABDB3D1A03}.Release|Any CPU.Build.0 = Release|Any CPU
		{48629086-0998-41B6-99E9-76C0A03C26F6}.Debug|Any CPU.ActiveCfg = Debug|Any CPU
		{48629086-0998-41B6-99E9-76C0A03C26F6}.Debug|Any CPU.Build.0 = Debug|Any CPU
		{48629086-0998-41B6-99E9-76C0A03C26F6}.Release|Any CPU.ActiveCfg = Release|Any CPU
		{48629086-0998-41B6-99E9-76C0A03C26F6}.Release|Any CPU.Build.0 = Release|Any CPU
		{234EA374-A9F5-4D2A-BEE5-43B401CF8478}.Debug|Any CPU.ActiveCfg = Debug|Any CPU
		{234EA374-A9F5-4D2A-BEE5-43B401CF8478}.Debug|Any CPU.Build.0 = Debug|Any CPU
		{234EA374-A9F5-4D2A-BEE5-43B401CF8478}.Release|Any CPU.ActiveCfg = Release|Any CPU
		{234EA374-A9F5-4D2A-BEE5-43B401CF8478}.Release|Any CPU.Build.0 = Release|Any CPU
	EndGlobalSection
EndGlobal
